Microsoft Visual Studio Solution File, Format Version 12.00
# Visual Studio 2012
Project("{FAE04EC0-301F-11D3-BF4B-00C04F79EFBC}") = "UnoGame", "UnoGame\UnoGame.csproj", "{3EAE5560-600B-40C1-A2ED-4BE9679D6CCC}"
EndProject
Project("{FAE04EC0-301F-11D3-BF4B-00C04F79EFBC}") = "UnoLib", "UnoLib\UnoLib.csproj", "{32E0C75A-EBB3-4CFC-AF11-05821C77F87C}"
EndProject
Project("{FAE04EC0-301F-11D3-BF4B-00C04F79EFBC}") = "UnoLib.Test", "UnoLib.Test\UnoLib.Test.csproj", "{200C2717-0354-43C3-95D6-497D0041EC29}"
EndProject
Global
	GlobalSection(SolutionConfigurationPlatforms) = preSolution
		Debug|Any CPU = Debug|Any CPU
		ExportDebug|Any CPU = ExportDebug|Any CPU
		ExportRelease|Any CPU = ExportRelease|Any CPU
	EndGlobalSection
	GlobalSection(ProjectConfigurationPlatforms) = postSolution
		{3EAE5560-600B-40C1-A2ED-4BE9679D6CCC}.Debug|Any CPU.ActiveCfg = Debug|Any CPU
		{3EAE5560-600B-40C1-A2ED-4BE9679D6CCC}.Debug|Any CPU.Build.0 = Debug|Any CPU
		{3EAE5560-600B-40C1-A2ED-4BE9679D6CCC}.ExportDebug|Any CPU.ActiveCfg = ExportDebug|Any CPU
		{3EAE5560-600B-40C1-A2ED-4BE9679D6CCC}.ExportDebug|Any CPU.Build.0 = ExportDebug|Any CPU
		{3EAE5560-600B-40C1-A2ED-4BE9679D6CCC}.ExportRelease|Any CPU.ActiveCfg = ExportRelease|Any CPU
		{3EAE5560-600B-40C1-A2ED-4BE9679D6CCC}.ExportRelease|Any CPU.Build.0 = ExportRelease|Any CPU
		{32E0C75A-EBB3-4CFC-AF11-05821C77F87C}.Debug|Any CPU.ActiveCfg = Debug|Any CPU
		{32E0C75A-EBB3-4CFC-AF11-05821C77F87C}.Debug|Any CPU.Build.0 = Debug|Any CPU
		{32E0C75A-EBB3-4CFC-AF11-05821C77F87C}.ExportDebug|Any CPU.ActiveCfg = Debug|Any CPU
		{32E0C75A-EBB3-4CFC-AF11-05821C77F87C}.ExportDebug|Any CPU.Build.0 = Debug|Any CPU
		{32E0C75A-EBB3-4CFC-AF11-05821C77F87C}.ExportRelease|Any CPU.ActiveCfg = Debug|Any CPU
		{32E0C75A-EBB3-4CFC-AF11-05821C77F87C}.ExportRelease|Any CPU.Build.0 = Debug|Any CPU
		{D15523F3-F9CE-42D5-9E82-114122897969}.Debug|Any CPU.ActiveCfg = Debug|Any CPU
		{D15523F3-F9CE-42D5-9E82-114122897969}.Debug|Any CPU.Build.0 = Debug|Any CPU
		{D15523F3-F9CE-42D5-9E82-114122897969}.ExportDebug|Any CPU.ActiveCfg = Debug|Any CPU
		{D15523F3-F9CE-42D5-9E82-114122897969}.ExportDebug|Any CPU.Build.0 = Debug|Any CPU
		{D15523F3-F9CE-42D5-9E82-114122897969}.ExportRelease|Any CPU.ActiveCfg = Debug|Any CPU
		{D15523F3-F9CE-42D5-9E82-114122897969}.ExportRelease|Any CPU.Build.0 = Debug|Any CPU
		{200C2717-0354-43C3-95D6-497D0041EC29}.Debug|Any CPU.ActiveCfg = Debug|Any CPU
		{200C2717-0354-43C3-95D6-497D0041EC29}.Debug|Any CPU.Build.0 = Debug|Any CPU
		{200C2717-0354-43C3-95D6-497D0041EC29}.ExportDebug|Any CPU.ActiveCfg = Debug|Any CPU
		{200C2717-0354-43C3-95D6-497D0041EC29}.ExportDebug|Any CPU.Build.0 = Debug|Any CPU
		{200C2717-0354-43C3-95D6-497D0041EC29}.ExportRelease|Any CPU.ActiveCfg = Debug|Any CPU
		{200C2717-0354-43C3-95D6-497D0041EC29}.ExportRelease|Any CPU.Build.0 = Debug|Any CPU
	EndGlobalSection
EndGlobal
